
Microsoft Visual Studio Solution File, Format Version 12.00
# Visual Studio Version 17
VisualStudioVersion = 17.14.36221.1 d17.14
MinimumVisualStudioVersion = 10.0.40219.1
Project("{FAE04EC0-301F-11D3-BF4B-00C04F79EFBC}") = "CSS", "CSS.csproj", "{7D03273A-49EC-40B3-9A90-4BDDE2F83D6F}"
EndProject
Global
	GlobalSection(SolutionConfigurationPlatforms) = preSolution
		Debug|Any CPU = Debug|Any CPU
		Release|Any CPU = Release|Any CPU
	EndGlobalSection
	GlobalSection(ProjectConfigurationPlatforms) = postSolution
		{7D03273A-49EC-40B3-9A90-4BDDE2F83D6F}.Debug|Any CPU.ActiveCfg = Debug|Any CPU
		{7D03273A-49EC-40B3-9A90-4BDDE2F83D6F}.Debug|Any CPU.Build.0 = Debug|Any CPU
		{7D03273A-49EC-40B3-9A90-4BDDE2F83D6F}.Release|Any CPU.ActiveCfg = Release|Any CPU
		{7D03273A-49EC-40B3-9A90-4BDDE2F83D6F}.Release|Any CPU.Build.0 = Release|Any CPU
	EndGlobalSection
	GlobalSection(SolutionProperties) = preSolution
		HideSolutionNode = FALSE
	EndGlobalSection
	GlobalSection(ExtensibilityGlobals) = postSolution
		SolutionGuid = {363E9828-7AB6-4F96-A18D-FBB57B944A54}
	EndGlobalSection
EndGlobal
